
Microsoft Visual Studio Solution File, Format Version 12.00
# Visual Studio Version 17
VisualStudioVersion = 17.10.35013.160
MinimumVisualStudioVersion = 10.0.40219.1
Project("{9A19103F-16F7-4668-BE54-9A1E7A4F7556}") = "ManufactPlanner", "ManufactPlanner\ManufactPlanner.csproj", "{8578CA94-5364-4126-B005-9B9B9EED0754}"
EndProject
Project("{FAE04EC0-301F-11D3-BF4B-00C04F79EFBC}") = "UnitTestProjectManufactPlanner", "UnitTestProjectManufactPlanner\UnitTestProjectManufactPlanner.csproj", "{A1B57CAF-BBFC-4303-BA33-FDB445F8EF24}"
EndProject
Global
	GlobalSection(SolutionConfigurationPlatforms) = preSolution
		Debug|Any CPU = Debug|Any CPU
		Release|Any CPU = Release|Any CPU
	EndGlobalSection
	GlobalSection(ProjectConfigurationPlatforms) = postSolution
		{8578CA94-5364-4126-B005-9B9B9EED0754}.Debug|Any CPU.ActiveCfg = Debug|Any CPU
		{8578CA94-5364-4126-B005-9B9B9EED0754}.Debug|Any CPU.Build.0 = Debug|Any CPU
		{8578CA94-5364-4126-B005-9B9B9EED0754}.Release|Any CPU.ActiveCfg = Release|Any CPU
		{8578CA94-5364-4126-B005-9B9B9EED0754}.Release|Any CPU.Build.0 = Release|Any CPU
		{A1B57CAF-BBFC-4303-BA33-FDB445F8EF24}.Debug|Any CPU.ActiveCfg = Debug|Any CPU
		{A1B57CAF-BBFC-4303-BA33-FDB445F8EF24}.Debug|Any CPU.Build.0 = Debug|Any CPU
		{A1B57CAF-BBFC-4303-BA33-FDB445F8EF24}.Release|Any CPU.ActiveCfg = Release|Any CPU
		{A1B57CAF-BBFC-4303-BA33-FDB445F8EF24}.Release|Any CPU.Build.0 = Release|Any CPU
	EndGlobalSection
	GlobalSection(SolutionProperties) = preSolution
		HideSolutionNode = FALSE
	EndGlobalSection
	GlobalSection(ExtensibilityGlobals) = postSolution
		SolutionGuid = {369FC145-A113-415C-826F-7EA32679B215}
	EndGlobalSection
EndGlobal
